
Microsoft Visual Studio Solution File, Format Version 12.00
# Visual Studio Version 16
VisualStudioVersion = 16.0.31424.327
MinimumVisualStudioVersion = 10.0.40219.1
Project("{FAE04EC0-301F-11D3-BF4B-00C04F79EFBC}") = "AccountNoteFin", "AccountNoteFin\AccountNoteFin.csproj", "{B1FBAF57-D22A-4D3C-8A8F-FE5496EE67E1}"
EndProject
Project("{FAE04EC0-301F-11D3-BF4B-00C04F79EFBC}") = "AccountingNote.DBSource", "AccountingNote.DBSource\AccountingNote.DBSource.csproj", "{F8B82424-2EAF-480D-A158-C8DA53F83FA2}"
EndProject
Project("{FAE04EC0-301F-11D3-BF4B-00C04F79EFBC}") = "AccountingNote.Auth", "AccountingNote.Auth\AccountingNote.Auth.csproj", "{BBC300D5-3B3E-4157-BACC-9CBFBA921DA7}"
EndProject
Global
	GlobalSection(SolutionConfigurationPlatforms) = preSolution
		Debug|Any CPU = Debug|Any CPU
		Release|Any CPU = Release|Any CPU
	EndGlobalSection
	GlobalSection(ProjectConfigurationPlatforms) = postSolution
		{B1FBAF57-D22A-4D3C-8A8F-FE5496EE67E1}.Debug|Any CPU.ActiveCfg = Debug|Any CPU
		{B1FBAF57-D22A-4D3C-8A8F-FE5496EE67E1}.Debug|Any CPU.Build.0 = Debug|Any CPU
		{B1FBAF57-D22A-4D3C-8A8F-FE5496EE67E1}.Release|Any CPU.ActiveCfg = Release|Any CPU
		{B1FBAF57-D22A-4D3C-8A8F-FE5496EE67E1}.Release|Any CPU.Build.0 = Release|Any CPU
		{F8B82424-2EAF-480D-A158-C8DA53F83FA2}.Debug|Any CPU.ActiveCfg = Debug|Any CPU
		{F8B82424-2EAF-480D-A158-C8DA53F83FA2}.Debug|Any CPU.Build.0 = Debug|Any CPU
		{F8B82424-2EAF-480D-A158-C8DA53F83FA2}.Release|Any CPU.ActiveCfg = Release|Any CPU
		{F8B82424-2EAF-480D-A158-C8DA53F83FA2}.Release|Any CPU.Build.0 = Release|Any CPU
		{BBC300D5-3B3E-4157-BACC-9CBFBA921DA7}.Debug|Any CPU.ActiveCfg = Debug|Any CPU
		{BBC300D5-3B3E-4157-BACC-9CBFBA921DA7}.Debug|Any CPU.Build.0 = Debug|Any CPU
		{BBC300D5-3B3E-4157-BACC-9CBFBA921DA7}.Release|Any CPU.ActiveCfg = Release|Any CPU
		{BBC300D5-3B3E-4157-BACC-9CBFBA921DA7}.Release|Any CPU.Build.0 = Release|Any CPU
	EndGlobalSection
	GlobalSection(SolutionProperties) = preSolution
		HideSolutionNode = FALSE
	EndGlobalSection
	GlobalSection(ExtensibilityGlobals) = postSolution
		SolutionGuid = {B20A1F40-B09E-41D3-85F2-4960C655F46C}
	EndGlobalSection
EndGlobal
